
Microsoft Visual Studio Solution File, Format Version 12.00
# Visual Studio Version 17
VisualStudioVersion = 17.0.31903.59
MinimumVisualStudioVersion = 10.0.40219.1
Project("{FAE04EC0-301F-11D3-BF4B-00C04F79EFBC}") = "EFViz", "EFViz\EFViz.csproj", "{A2EF26ED-58A8-4E8C-B5FE-86C9B73B7372}"
EndProject
Project("{FAE04EC0-301F-11D3-BF4B-00C04F79EFBC}") = "EFViz.Tests", "EFViz.Tests\EFViz.Tests.csproj", "{27DE58CC-B13C-4530-AF01-1F794C55A781}"
EndProject
Global
	GlobalSection(SolutionConfigurationPlatforms) = preSolution
		Debug|Any CPU = Debug|Any CPU
		Release|Any CPU = Release|Any CPU
	EndGlobalSection
	GlobalSection(SolutionProperties) = preSolution
		HideSolutionNode = FALSE
	EndGlobalSection
	GlobalSection(ProjectConfigurationPlatforms) = postSolution
		{A2EF26ED-58A8-4E8C-B5FE-86C9B73B7372}.Debug|Any CPU.ActiveCfg = Debug|Any CPU
		{A2EF26ED-58A8-4E8C-B5FE-86C9B73B7372}.Debug|Any CPU.Build.0 = Debug|Any CPU
		{A2EF26ED-58A8-4E8C-B5FE-86C9B73B7372}.Release|Any CPU.ActiveCfg = Release|Any CPU
		{A2EF26ED-58A8-4E8C-B5FE-86C9B73B7372}.Release|Any CPU.Build.0 = Release|Any CPU
		{27DE58CC-B13C-4530-AF01-1F794C55A781}.Debug|Any CPU.ActiveCfg = Debug|Any CPU
		{27DE58CC-B13C-4530-AF01-1F794C55A781}.Debug|Any CPU.Build.0 = Debug|Any CPU
		{27DE58CC-B13C-4530-AF01-1F794C55A781}.Release|Any CPU.ActiveCfg = Release|Any CPU
		{27DE58CC-B13C-4530-AF01-1F794C55A781}.Release|Any CPU.Build.0 = Release|Any CPU
	EndGlobalSection
EndGlobal
